// !$*UTF8*$!
{
	archiveVersion = 1;
	classes = {
	};
	objectVersion = 46;
	objects = {

/* Begin PBXBuildFile section */
		8FD000581B4F770D003D5324 /* AppDelegate.swift in Sources */ = {isa = PBXBuildFile; fileRef = 8FD000571B4F770D003D5324 /* AppDelegate.swift */; };
		8FD0005A1B4F770D003D5324 /* ViewController.swift in Sources */ = {isa = PBXBuildFile; fileRef = 8FD000591B4F770D003D5324 /* ViewController.swift */; };
		8FD0005D1B4F770D003D5324 /* Main.storyboard in Resources */ = {isa = PBXBuildFile; fileRef = 8FD0005B1B4F770D003D5324 /* Main.storyboard */; };
		8FD0005F1B4F770D003D5324 /* Images.xcassets in Resources */ = {isa = PBXBuildFile; fileRef = 8FD0005E1B4F770D003D5324 /* Images.xcassets */; };
		8FD000621B4F770D003D5324 /* LaunchScreen.xib in Resources */ = {isa = PBXBuildFile; fileRef = 8FD000601B4F770D003D5324 /* LaunchScreen.xib */; };
		8FD0006E1B4F770E003D5324 /* RollingThunderTests.swift in Sources */ = {isa = PBXBuildFile; fileRef = 8FD0006D1B4F770E003D5324 /* RollingThunderTests.swift */; };
/* End PBXBuildFile section */

/* Begin PBXContainerItemProxy section */
		8FD000681B4F770E003D5324 /* PBXContainerItemProxy */ = {
			isa = PBXContainerItemProxy;
			containerPortal = 8FD0004A1B4F770D003D5324 /* Project object */;
			proxyType = 1;
			remoteGlobalIDString = 8FD000511B4F770D003D5324;
			remoteInfo = RollingThunder;
		};
/* End PBXContainerItemProxy section */

/* Begin PBXFileReference section */
		8FD000521B4F770D003D5324 /* RollingThunder.app */ = {isa = PBXFileReference; explicitFileType = wrapper.application; includeInIndex = 0; path = RollingThunder.app; sourceTree = BUILT_PRODUCTS_DIR; };
		8FD000561B4F770D003D5324 /* Info.plist */ = {isa = PBXFileReference; lastKnownFileType = text.plist.xml; path = Info.plist; sourceTree = "<group>"; };
		8FD000571B4F770D003D5324 /* AppDelegate.swift */ = {isa = PBXFileReference; lastKnownFileType = sourcecode.swift; path = AppDelegate.swift; sourceTree = "<group>"; };
		8FD000591B4F770D003D5324 /* ViewController.swift */ = {isa = PBXFileReference; lastKnownFileType = sourcecode.swift; path = ViewController.swift; sourceTree = "<group>"; };
		8FD0005C1B4F770D003D5324 /* Base */ = {isa = PBXFileReference; lastKnownFileType = file.storyboard; name = Base; path = Base.lproj/Main.storyboard; sourceTree = "<group>"; };
		8FD0005E1B4F770D003D5324 /* Images.xcassets */ = {isa = PBXFileReference; lastKnownFileType = folder.assetcatalog; path = Images.xcassets; sourceTree = "<group>"; };
		8FD000611B4F770D003D5324 /* Base */ = {isa = PBXFileReference; lastKnownFileType = file.xib; name = Base; path = Base.lproj/LaunchScreen.xib; sourceTree = "<group>"; };
		8FD000671B4F770E003D5324 /* RollingThunderTests.xctest */ = {isa = PBXFileReference; explicitFileType = wrapper.cfbundle; includeInIndex = 0; path = RollingThunderTests.xctest; sourceTree = BUILT_PRODUCTS_DIR; };
		8FD0006C1B4F770E003D5324 /* Info.plist */ = {isa = PBXFileReference; lastKnownFileType = text.plist.xml; path = Info.plist; sourceTree = "<group>"; };
		8FD0006D1B4F770E003D5324 /* RollingThunderTests.swift */ = {isa = PBXFileReference; lastKnownFileType = sourcecode.swift; path = RollingThunderTests.swift; sourceTree = "<group>"; };
/* End PBXFileReference section */

/* Begin PBXFrameworksBuildPhase section */
		8FD0004F1B4F770D003D5324 /* Frameworks */ = {
			isa = PBXFrameworksBuildPhase;
			buildActionMask = 2147483647;
			files = (
			);
			runOnlyForDeploymentPostprocessing = 0;
		};
		8FD000641B4F770E003D5324 /* Frameworks */ = {
			isa = PBXFrameworksBuildPhase;
			buildActionMask = 2147483647;
			files = (
			);
			runOnlyForDeploymentPostprocessing = 0;
		};
/* End PBXFrameworksBuildPhase section */

/* Begin PBXGroup section */
		8FD000491B4F770D003D5324 = {
			isa = PBXGroup;
			children = (
				8FD000541B4F770D003D5324 /* RollingThunder */,
				8FD0006A1B4F770E003D5324 /* RollingThunderTests */,
				8FD000531B4F770D003D5324 /* Products */,
			);
			sourceTree = "<group>";
		};
		8FD000531B4F770D003D5324 /* Products */ = {
			isa = PBXGroup;
			children = (
				8FD000521B4F770D003D5324 /* RollingThunder.app */,
				8FD000671B4F770E003D5324 /* RollingThunderTests.xctest */,
			);
			name = Products;
			sourceTree = "<group>";
		};
		8FD000541B4F770D003D5324 /* RollingThunder */ = {
			isa = PBXGroup;
			children = (
				8FD000571B4F770D003D5324 /* AppDelegate.swift */,
				8FD000591B4F770D003D5324 /* ViewController.swift */,
				8FD0005B1B4F770D003D5324 /* Main.storyboard */,
				8FD0005E1B4F770D003D5324 /* Images.xcassets */,
				8FD000601B4F770D003D5324 /* LaunchScreen.xib */,
				8FD000551B4F770D003D5324 /* Supporting Files */,
			);
			path = RollingThunder;
			sourceTree = "<group>";
		};
		8FD000551B4F770D003D5324 /* Supporting Files */ = {
			isa = PBXGroup;
			children = (
				8FD000561B4F770D003D5324 /* Info.plist */,
			);
			name = "Supporting Files";
			sourceTree = "<group>";
		};
		8FD0006A1B4F770E003D5324 /* RollingThunderTests */ = {
			isa = PBXGroup;
			children = (
				8FD0006D1B4F770E003D5324 /* RollingThunderTests.swift */,
				8FD0006B1B4F770E003D5324 /* Supporting Files */,
			);
			path = RollingThunderTests;
			sourceTree = "<group>";
		};
		8FD0006B1B4F770E003D5324 /* Supporting Files */ = {
			isa = PBXGroup;
			children = (
				8FD0006C1B4F770E003D5324 /* Info.plist */,
			);
			name = "Supporting Files";
			sourceTree = "<group>";
		};
/* End PBXGroup section */

/* Begin PBXNativeTarget section */
		8FD000511B4F770D003D5324 /* RollingThunder */ = {
			isa = PBXNativeTarget;
			buildConfigurationList = 8FD000711B4F770E003D5324 /* Build configuration list for PBXNativeTarget "RollingThunder" */;
			buildPhases = (
				8FD0004E1B4F770D003D5324 /* Sources */,
				8FD0004F1B4F770D003D5324 /* Frameworks */,
				8FD000501B4F770D003D5324 /* Resources */,
			);
			buildRules = (
			);
			dependencies = (
			);
			name = RollingThunder;
			productName = RollingThunder;
			productReference = 8FD000521B4F770D003D5324 /* RollingThunder.app */;
			productType = "com.apple.product-type.application";
		};
		8FD000661B4F770E003D5324 /* RollingThunderTests */ = {
			isa = PBXNativeTarget;
			buildConfigurationList = 8FD000741B4F770E003D5324 /* Build configuration list for PBXNativeTarget "RollingThunderTests" */;
			buildPhases = (
				8FD000631B4F770E003D5324 /* Sources */,
				8FD000641B4F770E003D5324 /* Frameworks */,
				8FD000651B4F770E003D5324 /* Resources */,
			);
			buildRules = (
			);
			dependencies = (
				8FD000691B4F770E003D5324 /* PBXTargetDependency */,
			);
			name = RollingThunderTests;
			productName = RollingThunderTests;
			productReference = 8FD000671B4F770E003D5324 /* RollingThunderTests.xctest */;
			productType = "com.apple.product-type.bundle.unit-test";
		};
/* End PBXNativeTarget section */

/* Begin PBXProject section */
		8FD0004A1B4F770D003D5324 /* Project object */ = {
			isa = PBXProject;
			attributes = {
				LastUpgradeCheck = 0620;
				ORGANIZATIONNAME = "Anthony Dario";
				TargetAttributes = {
					8FD000511B4F770D003D5324 = {
						CreatedOnToolsVersion = 6.2;
					};
					8FD000661B4F770E003D5324 = {
						CreatedOnToolsVersion = 6.2;
						TestTargetID = 8FD000511B4F770D003D5324;
					};
				};
			};
			buildConfigurationList = 8FD0004D1B4F770D003D5324 /* Build configuration list for PBXProject "RollingThunder" */;
			compatibilityVersion = "Xcode 3.2";
			developmentRegion = English;
			hasScannedForEncodings = 0;
			knownRegions = (
				en,
				Base,
			);
			mainGroup = 8FD000491B4F770D003D5324;
			productRefGroup = 8FD000531B4F770D003D5324 /* Products */;
			projectDirPath = "";
			projectRoot = "";
			targets = (
				8FD000511B4F770D003D5324 /* RollingThunder */,
				8FD000661B4F770E003D5324 /* RollingThunderTests */,
			);
		};
/* End PBXProject section */

/* Begin PBXResourcesBuildPhase section */
		8FD000501B4F770D003D5324 /* Resources */ = {
			isa = PBXResourcesBuildPhase;
			buildActionMask = 2147483647;
			files = (
				8FD0005D1B4F770D003D5324 /* Main.storyboard in Resources */,
				8FD000621B4F770D003D5324 /* LaunchScreen.xib in Resources */,
				8FD0005F1B4F770D003D5324 /* Images.xcassets in Resources */,
			);
			runOnlyForDeploymentPostprocessing = 0;
		};
		8FD000651B4F770E003D5324 /* Resources */ = {
			isa = PBXResourcesBuildPhase;
			buildActionMask = 2147483647;
			files = (
			);
			runOnlyForDeploymentPostprocessing = 0;
		};
/* End PBXResourcesBuildPhase section */

/* Begin PBXSourcesBuildPhase section */
		8FD0004E1B4F770D003D5324 /* Sources */ = {
			isa = PBXSourcesBuildPhase;
			buildActionMask = 2147483647;
			files = (
				8FD0005A1B4F770D003D5324 /* ViewController.swift in Sources */,
				8FD000581B4F770D003D5324 /* AppDelegate.swift in Sources */,
			);
			runOnlyForDeploymentPostprocessing = 0;
		};
		8FD000631B4F770E003D5324 /* Sources */ = {
			isa = PBXSourcesBuildPhase;
			buildActionMask = 2147483647;
			files = (
				8FD0006E1B4F770E003D5324 /* RollingThunderTests.swift in Sources */,
			);
			runOnlyForDeploymentPostprocessing = 0;
		};
/* End PBXSourcesBuildPhase section */

/* Begin PBXTargetDependency section */
		8FD000691B4F770E003D5324 /* PBXTargetDependency */ = {
			isa = PBXTargetDependency;
			target = 8FD000511B4F770D003D5324 /* RollingThunder */;
			targetProxy = 8FD000681B4F770E003D5324 /* PBXContainerItemProxy */;
		};
/* End PBXTargetDependency section */

/* Begin PBXVariantGroup section */
		8FD0005B1B4F770D003D5324 /* Main.storyboard */ = {
			isa = PBXVariantGroup;
			children = (
				8FD0005C1B4F770D003D5324 /* Base */,
			);
			name = Main.storyboard;
			sourceTree = "<group>";
		};
		8FD000601B4F770D003D5324 /* LaunchScreen.xib */ = {
			isa = PBXVariantGroup;
			children = (
				8FD000611B4F770D003D5324 /* Base */,
			);
			name = LaunchScreen.xib;
			sourceTree = "<group>";
		};
/* End PBXVariantGroup section */

/* Begin XCBuildConfiguration section */
		8FD0006F1B4F770E003D5324 /* Debug */ = {
			isa = XCBuildConfiguration;
			buildSettings = {
				ALWAYS_SEARCH_USER_PATHS = NO;
				CLANG_CXX_LANGUAGE_STANDARD = "gnu++0x";
				CLANG_CXX_LIBRARY = "libc++";
				CLANG_ENABLE_MODULES = YES;
				CLANG_ENABLE_OBJC_ARC = YES;
				CLANG_WARN_BOOL_CONVERSION = YES;
				CLANG_WARN_CONSTANT_CONVERSION = YES;
				CLANG_WARN_DIRECT_OBJC_ISA_USAGE = YES_ERROR;
				CLANG_WARN_EMPTY_BODY = YES;
				CLANG_WARN_ENUM_CONVERSION = YES;
				CLANG_WARN_INT_CONVERSION = YES;
				CLANG_WARN_OBJC_ROOT_CLASS = YES_ERROR;
				CLANG_WARN_UNREACHABLE_CODE = YES;
				CLANG_WARN__DUPLICATE_METHOD_MATCH = YES;
				"CODE_SIGN_IDENTITY[sdk=iphoneos*]" = "iPhone Developer";
				COPY_PHASE_STRIP = NO;
				ENABLE_STRICT_OBJC_MSGSEND = YES;
				GCC_C_LANGUAGE_STANDARD = gnu99;
				GCC_DYNAMIC_NO_PIC = NO;
				GCC_OPTIMIZATION_LEVEL = 0;
				GCC_PREPROCESSOR_DEFINITIONS = (
					"DEBUG=1",
					"$(inherited)",
				);
				GCC_SYMBOLS_PRIVATE_EXTERN = NO;
				GCC_WARN_64_TO_32_BIT_CONVERSION = YES;
				GCC_WARN_ABOUT_RETURN_TYPE = YES_ERROR;
				GCC_WARN_UNDECLARED_SELECTOR = YES;
				GCC_WARN_UNINITIALIZED_AUTOS = YES_AGGRESSIVE;
				GCC_WARN_UNUSED_FUNCTION = YES;
				GCC_WARN_UNUSED_VARIABLE = YES;
				IPHONEOS_DEPLOYMENT_TARGET = 8.2;
				MTL_ENABLE_DEBUG_INFO = YES;
				ONLY_ACTIVE_ARCH = YES;
				SDKROOT = iphoneos;
				SWIFT_OPTIMIZATION_LEVEL = "-Onone";
				TARGETED_DEVICE_FAMILY = "1,2";
			};
			name = Debug;
		};
		8FD000701B4F770E003D5324 /* Release */ = {
			isa = XCBuildConfiguration;
			buildSettings = {
				ALWAYS_SEARCH_USER_PATHS = NO;
				CLANG_CXX_LANGUAGE_STANDARD = "gnu++0x";
				CLANG_CXX_LIBRARY = "libc++";
				CLANG_ENABLE_MODULES = YES;
				CLANG_ENABLE_OBJC_ARC = YES;
				CLANG_WARN_BOOL_CONVERSION = YES;
				CLANG_WARN_CONSTANT_CONVERSION = YES;
				CLANG_WARN_DIRECT_OBJC_ISA_USAGE = YES_ERROR;
				CLANG_WARN_EMPTY_BODY = YES;
				CLANG_WARN_ENUM_CONVERSION = YES;
				CLANG_WARN_INT_CONVERSION = YES;
				CLANG_WARN_OBJC_ROOT_CLASS = YES_ERROR;
				CLANG_WARN_UNREACHABLE_CODE = YES;
				CLANG_WARN__DUPLICATE_METHOD_MATCH = YES;
				"CODE_SIGN_IDENTITY[sdk=iphoneos*]" = "iPhone Developer";
				COPY_PHASE_STRIP = NO;
				ENABLE_NS_ASSERTIONS = NO;
				ENABLE_STRICT_OBJC_MSGSEND = YES;
				GCC_C_LANGUAGE_STANDARD = gnu99;
				GCC_WARN_64_TO_32_BIT_CONVERSION = YES;
				GCC_WARN_ABOUT_RETURN_TYPE = YES_ERROR;
				GCC_WARN_UNDECLARED_SELECTOR = YES;
				GCC_WARN_UNINITIALIZED_AUTOS = YES_AGGRESSIVE;
				GCC_WARN_UNUSED_FUNCTION = YES;
				GCC_WARN_UNUSED_VARIABLE = YES;
				IPHONEOS_DEPLOYMENT_TARGET = 8.2;
				MTL_ENABLE_DEBUG_INFO = NO;
				SDKROOT = iphoneos;
				TARGETED_DEVICE_FAMILY = "1,2";
				VALIDATE_PRODUCT = YES;
			};
			name = Release;
		};
		8FD000721B4F770E003D5324 /* Debug */ = {
			isa = XCBuildConfiguration;
			buildSettings = {
				ASSETCATALOG_COMPILER_APPICON_NAME = AppIcon;
				INFOPLIST_FILE = RollingThunder/Info.plist;
				LD_RUNPATH_SEARCH_PATHS = "$(inherited) @executable_path/Frameworks";
				PRODUCT_NAME = "$(TARGET_NAME)";
			};
			name = Debug;
		};
		8FD000731B4F770E003D5324 /* Release */ = {
			isa = XCBuildConfiguration;
			buildSettings = {
				ASSETCATALOG_COMPILER_APPICON_NAME = AppIcon;
				INFOPLIST_FILE = RollingThunder/Info.plist;
				LD_RUNPATH_SEARCH_PATHS = "$(inherited) @executable_path/Frameworks";
				PRODUCT_NAME = "$(TARGET_NAME)";
			};
			name = Release;
		};
		8FD000751B4F770E003D5324 /* Debug */ = {
			isa = XCBuildConfiguration;
			buildSettings = {
				BUNDLE_LOADER = "$(TEST_HOST)";
				FRAMEWORK_SEARCH_PATHS = (
					"$(SDKROOT)/Developer/Library/Frameworks",
					"$(inherited)",
				);
				GCC_PREPROCESSOR_DEFINITIONS = (
					"DEBUG=1",
					"$(inherited)",
				);
				INFOPLIST_FILE = RollingThunderTests/Info.plist;
				LD_RUNPATH_SEARCH_PATHS = "$(inherited) @executable_path/Frameworks @loader_path/Frameworks";
				PRODUCT_NAME = "$(TARGET_NAME)";
				TEST_HOST = "$(BUILT_PRODUCTS_DIR)/RollingThunder.app/RollingThunder";
			};
			name = Debug;
		};
		8FD000761B4F770E003D5324 /* Release */ = {
			isa = XCBuildConfiguration;
			buildSettings = {
				BUNDLE_LOADER = "$(TEST_HOST)";
				FRAMEWORK_SEARCH_PATHS = (
					"$(SDKROOT)/Developer/Library/Frameworks",
					"$(inherited)",
				);
				INFOPLIST_FILE = RollingThunderTests/Info.plist;
				LD_RUNPATH_SEARCH_PATHS = "$(inherited) @executable_path/Frameworks @loader_path/Frameworks";
				PRODUCT_NAME = "$(TARGET_NAME)";
				TEST_HOST = "$(BUILT_PRODUCTS_DIR)/RollingThunder.app/RollingThunder";
			};
			name = Release;
		};
/* End XCBuildConfiguration section */

/* Begin XCConfigurationList section */
		8FD0004D1B4F770D003D5324 /* Build configuration list for PBXProject "RollingThunder" */ = {
			isa = XCConfigurationList;
			buildConfigurations = (
				8FD0006F1B4F770E003D5324 /* Debug */,
				8FD000701B4F770E003D5324 /* Release */,
			);
			defaultConfigurationIsVisible = 0;
			defaultConfigurationName = Release;
		};
		8FD000711B4F770E003D5324 /* Build configuration list for PBXNativeTarget "RollingThunder" */ = {
			isa = XCConfigurationList;
			buildConfigurations = (
				8FD000721B4F770E003D5324 /* Debug */,
				8FD000731B4F770E003D5324 /* Release */,
			);
			defaultConfigurationIsVisible = 0;
		};
		8FD000741B4F770E003D5324 /* Build configuration list for PBXNativeTarget "RollingThunderTests" */ = {
			isa = XCConfigurationList;
			buildConfigurations = (
				8FD000751B4F770E003D5324 /* Debug */,
				8FD000761B4F770E003D5324 /* Release */,
			);
			defaultConfigurationIsVisible = 0;
		};
/* End XCConfigurationList section */
	};
	rootObject = 8FD0004A1B4F770D003D5324 /* Project object */;
}
